
Microsoft Visual Studio Solution File, Format Version 12.00
# Visual Studio Version 16
VisualStudioVersion = 16.0.34407.143
MinimumVisualStudioVersion = 10.0.40219.1
Project("{FAE04EC0-301F-11D3-BF4B-00C04F79EFBC}") = "Быки и коровы", "Быки и коровы\Быки и коровы.csproj", "{8883F158-170E-48E9-935C-2FC4D339E4ED}"
EndProject
Global
	GlobalSection(SolutionConfigurationPlatforms) = preSolution
		Debug|Any CPU = Debug|Any CPU
		Release|Any CPU = Release|Any CPU
	EndGlobalSection
	GlobalSection(ProjectConfigurationPlatforms) = postSolution
		{8883F158-170E-48E9-935C-2FC4D339E4ED}.Debug|Any CPU.ActiveCfg = Debug|Any CPU
		{8883F158-170E-48E9-935C-2FC4D339E4ED}.Debug|Any CPU.Build.0 = Debug|Any CPU
		{8883F158-170E-48E9-935C-2FC4D339E4ED}.Release|Any CPU.ActiveCfg = Release|Any CPU
		{8883F158-170E-48E9-935C-2FC4D339E4ED}.Release|Any CPU.Build.0 = Release|Any CPU
	EndGlobalSection
	GlobalSection(SolutionProperties) = preSolution
		HideSolutionNode = FALSE
	EndGlobalSection
	GlobalSection(ExtensibilityGlobals) = postSolution
		SolutionGuid = {1869A4EC-C1E4-45B2-9B7C-D66D928429A7}
	EndGlobalSection
EndGlobal
